
Microsoft Visual Studio Solution File, Format Version 12.00
# Visual Studio Version 17
VisualStudioVersion = 17.7.34202.233
MinimumVisualStudioVersion = 10.0.40219.1
Project("{FAE04EC0-301F-11D3-BF4B-00C04F79EFBC}") = "Calculator1", "Calculator1\Calculator1.csproj", "{09A1C7CB-B728-4430-B7EA-0FC61B56DCFA}"
EndProject
Global
	GlobalSection(SolutionConfigurationPlatforms) = preSolution
		Debug|Any CPU = Debug|Any CPU
		Release|Any CPU = Release|Any CPU
	EndGlobalSection
	GlobalSection(ProjectConfigurationPlatforms) = postSolution
		{09A1C7CB-B728-4430-B7EA-0FC61B56DCFA}.Debug|Any CPU.ActiveCfg = Debug|Any CPU
		{09A1C7CB-B728-4430-B7EA-0FC61B56DCFA}.Debug|Any CPU.Build.0 = Debug|Any CPU
		{09A1C7CB-B728-4430-B7EA-0FC61B56DCFA}.Release|Any CPU.ActiveCfg = Release|Any CPU
		{09A1C7CB-B728-4430-B7EA-0FC61B56DCFA}.Release|Any CPU.Build.0 = Release|Any CPU
	EndGlobalSection
	GlobalSection(SolutionProperties) = preSolution
		HideSolutionNode = FALSE
	EndGlobalSection
	GlobalSection(ExtensibilityGlobals) = postSolution
		SolutionGuid = {F2EBCC5A-2C18-4F18-82FD-4E05F8B1480B}
	EndGlobalSection
EndGlobal
